
Microsoft Visual Studio Solution File, Format Version 12.00
# Visual Studio Version 16
VisualStudioVersion = 16.0.810.20
MinimumVisualStudioVersion = 10.0.40219.1
Project("{FAE04EC0-301F-11D3-BF4B-00C04F79EFBC}") = "LocalFunctionProj", "LocalFunctionProj.csproj", "{BC7383EE-247F-4F00-9535-A49ABF914916}"
EndProject
Global
	GlobalSection(SolutionConfigurationPlatforms) = preSolution
		Debug|Any CPU = Debug|Any CPU
		Release|Any CPU = Release|Any CPU
	EndGlobalSection
	GlobalSection(ProjectConfigurationPlatforms) = postSolution
		{BC7383EE-247F-4F00-9535-A49ABF914916}.Debug|Any CPU.ActiveCfg = Debug|Any CPU
		{BC7383EE-247F-4F00-9535-A49ABF914916}.Debug|Any CPU.Build.0 = Debug|Any CPU
		{BC7383EE-247F-4F00-9535-A49ABF914916}.Release|Any CPU.ActiveCfg = Release|Any CPU
		{BC7383EE-247F-4F00-9535-A49ABF914916}.Release|Any CPU.Build.0 = Release|Any CPU
	EndGlobalSection
	GlobalSection(SolutionProperties) = preSolution
		HideSolutionNode = FALSE
	EndGlobalSection
	GlobalSection(ExtensibilityGlobals) = postSolution
		SolutionGuid = {8BB7A743-9AB3-467D-99B9-2FD764C3097C}
	EndGlobalSection
EndGlobal
